{
  "nodes": {
    "home-manager": {
      "inputs": {
        "nixpkgs": [
          "nixpkgs"
        ]
      },
      "locked": {
        "lastModified": 1790215976,
        "narHash": "sha256-VkR1rMGyjU9jtw8ISFx5uqR9e+LEaOlhHwrseFkiIVk=",
        "ref": "release-26.05",
        "rev": "a6631107a83ceab5872f298a2ea710859c80c4cb",
        "shallow": true,
        "type": "git",
        "url": "https://github.com/nix-community/home-manager"
      },
      "original": {
        "ref": "release-26.05",
        "shallow": true,
        "type": "git",
        "url": "https://github.com/nix-community/home-manager"
      }
    },
    "nix-flatpak": {
      "locked": {
        "lastModified": 1767983141,
        "narHash": "sha256-7ZCulYUD9RmJIDULTRkGLSW1faMpDlPKcbWJLYHoXcs=",
        "ref": "refs/tags/latest",
        "rev": "440818969ac2cbd77bfe025e884d0aa528991374",
        "shallow": true,
        "type": "git",
        "url": "https://github.com/gmodena/nix-flatpak"
      },
      "original": {
        "ref": "refs/tags/latest",
        "shallow": true,
        "type": "git",
        "url": "https://github.com/gmodena/nix-flatpak"
      }
    },
    "nixpkgs": {
      "locked": {
        "lastModified": 1790218706,
        "narHash": "sha256-6e4Na3z008XpdVyOXgfasXIn1aN+z8AXFG+jXdQSyuI=",
        "ref": "nixos-26.05",
        "rev": "c508844df6c28fa6dabc1b6af70f3ccbd65c5201",
        "shallow": true,
        "type": "git",
        "url": "https://github.com/nixos/nixpkgs"
      },
      "original": {
        "ref": "nixos-26.05",
        "shallow": true,
        "type": "git",
        "url": "https://github.com/nixos/nixpkgs"
      }
    },
    "nixpkgs-unstable": {
      "locked": {
        "lastModified": 1790323409,
        "narHash": "sha256-VVTPf+Hyd5ebpjBMHmrLMSBIeW6ls48Bqtosj7CNKLA=",
        "ref": "nixos-unstable",
        "rev": "e94cb152ed51bd6e24eb4a41f1460252beb52cd2",
        "shallow": true,
        "type": "git",
        "url": "https://github.com/nixos/nixpkgs"
      },
      "original": {
        "ref": "nixos-unstable",
        "shallow": true,
        "type": "git",
        "url": "https://github.com/nixos/nixpkgs"
      }
    },
    "plasma-manager": {
      "inputs": {
        "home-manager": [
          "home-manager"
        ],
        "nixpkgs": [
          "nixpkgs"
        ]
      },
      "locked": {
        "lastModified": 1785762349,
        "narHash": "sha256-jZhZkzAwc7f3exzcTDJWP2WCAchCv0iNC3UF/QsahdQ=",
        "ref": "trunk",
        "rev": "a19a2a029fa180911bd89c554dca1616e10f4c1d",
        "shallow": true,
        "type": "git",
        "url": "https://github.com/nix-community/plasma-manager"
      },
      "original": {
        "ref": "trunk",
        "shallow": true,
        "type": "git",
        "url": "https://github.com/nix-community/plasma-manager"
      }
    },
    "root": {
      "inputs": {
        "home-manager": "home-manager",
        "nix-flatpak": "nix-flatpak",
        "nixpkgs": "nixpkgs",
        "nixpkgs-stable": [
          "nixpkgs"
        ],
        "nixpkgs-unstable": "nixpkgs-unstable",
        "plasma-manager": "plasma-manager"
      }
    }
  },
  "root": "root",
  "version": 7
}
